
Microsoft Visual Studio Solution File, Format Version 12.00
# Visual Studio 15
VisualStudioVersion = 15.0.28307.168
MinimumVisualStudioVersion = 10.0.40219.1
Project("{FAE04EC0-301F-11D3-BF4B-00C04F79EFBC}") = "AerLingus", "AerLingus\AerLingus.csproj", "{2C2CB0C7-8172-4EF3-83AB-369ECC25E0A2}"
EndProject
Project("{FAE04EC0-301F-11D3-BF4B-00C04F79EFBC}") = "AerLingus.Tests", "AerLingus.Tests\AerLingus.Tests.csproj", "{91E43502-2873-4B4C-AA4F-F843C2B75E83}"
EndProject
Global
	GlobalSection(SolutionConfigurationPlatforms) = preSolution
		Debug|Any CPU = Debug|Any CPU
		Release|Any CPU = Release|Any CPU
	EndGlobalSection
	GlobalSection(ProjectConfigurationPlatforms) = postSolution
		{2C2CB0C7-8172-4EF3-83AB-369ECC25E0A2}.Debug|Any CPU.ActiveCfg = Debug|Any CPU
		{2C2CB0C7-8172-4EF3-83AB-369ECC25E0A2}.Debug|Any CPU.Build.0 = Debug|Any CPU
		{2C2CB0C7-8172-4EF3-83AB-369ECC25E0A2}.Release|Any CPU.ActiveCfg = Release|Any CPU
		{2C2CB0C7-8172-4EF3-83AB-369ECC25E0A2}.Release|Any CPU.Build.0 = Release|Any CPU
		{91E43502-2873-4B4C-AA4F-F843C2B75E83}.Debug|Any CPU.ActiveCfg = Debug|Any CPU
		{91E43502-2873-4B4C-AA4F-F843C2B75E83}.Debug|Any CPU.Build.0 = Debug|Any CPU
		{91E43502-2873-4B4C-AA4F-F843C2B75E83}.Release|Any CPU.ActiveCfg = Release|Any CPU
		{91E43502-2873-4B4C-AA4F-F843C2B75E83}.Release|Any CPU.Build.0 = Release|Any CPU
	EndGlobalSection
	GlobalSection(SolutionProperties) = preSolution
		HideSolutionNode = FALSE
	EndGlobalSection
	GlobalSection(ExtensibilityGlobals) = postSolution
		SolutionGuid = {6CF6DDE4-00F6-4C86-921B-725CCB1CEC26}
	EndGlobalSection
EndGlobal
